Microsoft Visual Studio Solution File, Format Version 12.00
# Visual Studio 15
VisualStudioVersion = 15.0.27703.2042
MinimumVisualStudioVersion = 10.0.40219.1
Project("{FAE04EC0-301F-11D3-BF4B-00C04F79EFBC}") = "BarTender.Android", "BarTender.Android\BarTender.Android.csproj", "{80E14CE1-ACFC-48AA-87FF-A26E7F919CAE}"
EndProject
Project("{FAE04EC0-301F-11D3-BF4B-00C04F79EFBC}") = "BarTender.iOS", "BarTender.iOS\BarTender.iOS.csproj", "{72B2DA76-AE91-4CA6-B514-EAEE4FD179A4}"
EndProject
Project("{9A19103F-16F7-4668-BE54-9A1E7A4F7556}") = "BarTender", "BarTender\BarTender.csproj", "{96970C41-71BE-4D5F-9F3A-82013BC2DB24}"
EndProject
Global
	GlobalSection(SolutionConfigurationPlatforms) = preSolution
		Ad-Hoc|Any CPU = Ad-Hoc|Any CPU
		Ad-Hoc|iPhone = Ad-Hoc|iPhone
		Ad-Hoc|iPhoneSimulator = Ad-Hoc|iPhoneSimulator
		AppStore|Any CPU = AppStore|Any CPU
		AppStore|iPhone = AppStore|iPhone
		AppStore|iPhoneSimulator = AppStore|iPhoneSimulator
		Debug|Any CPU = Debug|Any CPU
		Debug|iPhone = Debug|iPhone
		Debug|iPhoneSimulator = Debug|iPhoneSimulator
		Release|Any CPU = Release|Any CPU
		Release|iPhone = Release|iPhone
		Release|iPhoneSimulator = Release|iPhoneSimulator
	EndGlobalSection
	GlobalSection(ProjectConfigurationPlatforms) = postSolution
		{80E14CE1-ACFC-48AA-87FF-A26E7F919CAE}.Ad-Hoc|Any CPU.ActiveCfg = Release|Any CPU
		{80E14CE1-ACFC-48AA-87FF-A26E7F919CAE}.Ad-Hoc|Any CPU.Build.0 = Release|Any CPU
		{80E14CE1-ACFC-48AA-87FF-A26E7F919CAE}.Ad-Hoc|Any CPU.Deploy.0 = Release|Any CPU
		{80E14CE1-ACFC-48AA-87FF-A26E7F919CAE}.Ad-Hoc|iPhone.ActiveCfg = Debug|Any CPU
		{80E14CE1-ACFC-48AA-87FF-A26E7F919CAE}.Ad-Hoc|iPhone.Build.0 = Debug|Any CPU
		{80E14CE1-ACFC-48AA-87FF-A26E7F919CAE}.Ad-Hoc|iPhoneSimulator.ActiveCfg = Release|Any CPU
		{80E14CE1-ACFC-48AA-87FF-A26E7F919CAE}.Ad-Hoc|iPhoneSimulator.Build.0 = Release|Any CPU
		{80E14CE1-ACFC-48AA-87FF-A26E7F919CAE}.Ad-Hoc|iPhoneSimulator.Deploy.0 = Release|Any CPU
		{80E14CE1-ACFC-48AA-87FF-A26E7F919CAE}.AppStore|Any CPU.ActiveCfg = Release|Any CPU
		{80E14CE1-ACFC-48AA-87FF-A26E7F919CAE}.AppStore|Any CPU.Build.0 = Release|Any CPU
		{80E14CE1-ACFC-48AA-87FF-A26E7F919CAE}.AppStore|Any CPU.Deploy.0 = Release|Any CPU
		{80E14CE1-ACFC-48AA-87FF-A26E7F919CAE}.AppStore|iPhone.ActiveCfg = Debug|Any CPU
		{80E14CE1-ACFC-48AA-87FF-A26E7F919CAE}.AppStore|iPhone.Build.0 = Debug|Any CPU
		{80E14CE1-ACFC-48AA-87FF-A26E7F919CAE}.AppStore|iPhoneSimulator.ActiveCfg = Release|Any CPU
		{80E14CE1-ACFC-48AA-87FF-A26E7F919CAE}.AppStore|iPhoneSimulator.Build.0 = Release|Any CPU
		{80E14CE1-ACFC-48AA-87FF-A26E7F919CAE}.AppStore|iPhoneSimulator.Deploy.0 = Release|Any CPU
		{80E14CE1-ACFC-48AA-87FF-A26E7F919CAE}.Debug|Any CPU.ActiveCfg = Debug|Any CPU
		{80E14CE1-ACFC-48AA-87FF-A26E7F919CAE}.Debug|Any CPU.Build.0 = Debug|Any CPU
		{80E14CE1-ACFC-48AA-87FF-A26E7F919CAE}.Debug|Any CPU.Deploy.0 = Debug|Any CPU
		{80E14CE1-ACFC-48AA-87FF-A26E7F919CAE}.Debug|iPhone.ActiveCfg = Debug|Any CPU
		{80E14CE1-ACFC-48AA-87FF-A26E7F919CAE}.Debug|iPhone.Build.0 = Debug|Any CPU
		{80E14CE1-ACFC-48AA-87FF-A26E7F919CAE}.Debug|iPhoneSimulator.ActiveCfg = Debug|Any CPU
		{80E14CE1-ACFC-48AA-87FF-A26E7F919CAE}.Debug|iPhoneSimulator.Build.0 = Debug|Any CPU
		{80E14CE1-ACFC-48AA-87FF-A26E7F919CAE}.Release|Any CPU.ActiveCfg = Release|Any CPU
		{80E14CE1-ACFC-48AA-87FF-A26E7F919CAE}.Release|Any CPU.Build.0 = Release|Any CPU
		{80E14CE1-ACFC-48AA-87FF-A26E7F919CAE}.Release|iPhone.ActiveCfg = Release|Any CPU
		{80E14CE1-ACFC-48AA-87FF-A26E7F919CAE}.Release|iPhone.Build.0 = Release|Any CPU
		{80E14CE1-ACFC-48AA-87FF-A26E7F919CAE}.Release|iPhoneSimulator.ActiveCfg = Release|Any CPU
		{80E14CE1-ACFC-48AA-87FF-A26E7F919CAE}.Release|iPhoneSimulator.Build.0 = Release|Any CPU
		{72B2DA76-AE91-4CA6-B514-EAEE4FD179A4}.Ad-Hoc|Any CPU.ActiveCfg = Ad-Hoc|iPhoneSimulator
		{72B2DA76-AE91-4CA6-B514-EAEE4FD179A4}.Ad-Hoc|iPhone.ActiveCfg = Ad-Hoc|iPhone
		{72B2DA76-AE91-4CA6-B514-EAEE4FD179A4}.Ad-Hoc|iPhone.Build.0 = Ad-Hoc|iPhone
		{72B2DA76-AE91-4CA6-B514-EAEE4FD179A4}.Ad-Hoc|iPhoneSimulator.ActiveCfg = Ad-Hoc|iPhoneSimulator
		{72B2DA76-AE91-4CA6-B514-EAEE4FD179A4}.Ad-Hoc|iPhoneSimulator.Build.0 = Ad-Hoc|iPhoneSimulator
		{72B2DA76-AE91-4CA6-B514-EAEE4FD179A4}.AppStore|Any CPU.ActiveCfg = AppStore|iPhoneSimulator
		{72B2DA76-AE91-4CA6-B514-EAEE4FD179A4}.AppStore|iPhone.ActiveCfg = AppStore|iPhone
		{72B2DA76-AE91-4CA6-B514-EAEE4FD179A4}.AppStore|iPhone.Build.0 = AppStore|iPhone
		{72B2DA76-AE91-4CA6-B514-EAEE4FD179A4}.AppStore|iPhoneSimulator.ActiveCfg = AppStore|iPhoneSimulator
		{72B2DA76-AE91-4CA6-B514-EAEE4FD179A4}.AppStore|iPhoneSimulator.Build.0 = AppStore|iPhoneSimulator
		{72B2DA76-AE91-4CA6-B514-EAEE4FD179A4}.Debug|Any CPU.ActiveCfg = Debug|iPhoneSimulator
		{72B2DA76-AE91-4CA6-B514-EAEE4FD179A4}.Debug|Any CPU.Build.0 = Debug|iPhoneSimulator
		{72B2DA76-AE91-4CA6-B514-EAEE4FD179A4}.Debug|iPhone.ActiveCfg = Debug|iPhone
		{72B2DA76-AE91-4CA6-B514-EAEE4FD179A4}.Debug|iPhone.Build.0 = Debug|iPhone
		{72B2DA76-AE91-4CA6-B514-EAEE4FD179A4}.Debug|iPhoneSimulator.ActiveCfg = Debug|iPhoneSimulator
		{72B2DA76-AE91-4CA6-B514-EAEE4FD179A4}.Debug|iPhoneSimulator.Build.0 = Debug|iPhoneSimulator
		{72B2DA76-AE91-4CA6-B514-EAEE4FD179A4}.Release|Any CPU.ActiveCfg = Release|iPhoneSimulator
		{72B2DA76-AE91-4CA6-B514-EAEE4FD179A4}.Release|Any CPU.Build.0 = Release|iPhoneSimulator
		{72B2DA76-AE91-4CA6-B514-EAEE4FD179A4}.Release|iPhone.ActiveCfg = Release|iPhone
		{72B2DA76-AE91-4CA6-B514-EAEE4FD179A4}.Release|iPhone.Build.0 = Release|iPhone
		{72B2DA76-AE91-4CA6-B514-EAEE4FD179A4}.Release|iPhoneSimulator.ActiveCfg = Release|iPhoneSimulator
		{72B2DA76-AE91-4CA6-B514-EAEE4FD179A4}.Release|iPhoneSimulator.Build.0 = Release|iPhoneSimulator
		{96970C41-71BE-4D5F-9F3A-82013BC2DB24}.Ad-Hoc|Any CPU.ActiveCfg = Release|Any CPU
		{96970C41-71BE-4D5F-9F3A-82013BC2DB24}.Ad-Hoc|Any CPU.Build.0 = Release|Any CPU
		{96970C41-71BE-4D5F-9F3A-82013BC2DB24}.Ad-Hoc|iPhone.ActiveCfg = Debug|Any CPU
		{96970C41-71BE-4D5F-9F3A-82013BC2DB24}.Ad-Hoc|iPhone.Build.0 = Debug|Any CPU
		{96970C41-71BE-4D5F-9F3A-82013BC2DB24}.Ad-Hoc|iPhoneSimulator.ActiveCfg = Release|Any CPU
		{96970C41-71BE-4D5F-9F3A-82013BC2DB24}.Ad-Hoc|iPhoneSimulator.Build.0 = Release|Any CPU
		{96970C41-71BE-4D5F-9F3A-82013BC2DB24}.AppStore|Any CPU.ActiveCfg = Release|Any CPU
		{96970C41-71BE-4D5F-9F3A-82013BC2DB24}.AppStore|Any CPU.Build.0 = Release|Any CPU
		{96970C41-71BE-4D5F-9F3A-82013BC2DB24}.AppStore|iPhone.ActiveCfg = Debug|Any CPU
		{96970C41-71BE-4D5F-9F3A-82013BC2DB24}.AppStore|iPhone.Build.0 = Debug|Any CPU
		{96970C41-71BE-4D5F-9F3A-82013BC2DB24}.AppStore|iPhoneSimulator.ActiveCfg = Release|Any CPU
		{96970C41-71BE-4D5F-9F3A-82013BC2DB24}.AppStore|iPhoneSimulator.Build.0 = Release|Any CPU
		{96970C41-71BE-4D5F-9F3A-82013BC2DB24}.Debug|Any CPU.ActiveCfg = Debug|Any CPU
		{96970C41-71BE-4D5F-9F3A-82013BC2DB24}.Debug|Any CPU.Build.0 = Debug|Any CPU
		{96970C41-71BE-4D5F-9F3A-82013BC2DB24}.Debug|iPhone.ActiveCfg = Debug|Any CPU
		{96970C41-71BE-4D5F-9F3A-82013BC2DB24}.Debug|iPhone.Build.0 = Debug|Any CPU
		{96970C41-71BE-4D5F-9F3A-82013BC2DB24}.Debug|iPhoneSimulator.ActiveCfg = Debug|Any CPU
		{96970C41-71BE-4D5F-9F3A-82013BC2DB24}.Debug|iPhoneSimulator.Build.0 = Debug|Any CPU
		{96970C41-71BE-4D5F-9F3A-82013BC2DB24}.Release|Any CPU.ActiveCfg = Release|Any CPU
		{96970C41-71BE-4D5F-9F3A-82013BC2DB24}.Release|Any CPU.Build.0 = Release|Any CPU
		{96970C41-71BE-4D5F-9F3A-82013BC2DB24}.Release|iPhone.ActiveCfg = Release|Any CPU
		{96970C41-71BE-4D5F-9F3A-82013BC2DB24}.Release|iPhone.Build.0 = Release|Any CPU
		{96970C41-71BE-4D5F-9F3A-82013BC2DB24}.Release|iPhoneSimulator.ActiveCfg = Release|Any CPU
		{96970C41-71BE-4D5F-9F3A-82013BC2DB24}.Release|iPhoneSimulator.Build.0 = Release|Any CPU
	EndGlobalSection
	GlobalSection(SolutionProperties) = preSolution
		HideSolutionNode = FALSE
	EndGlobalSection
	GlobalSection(ExtensibilityGlobals) = postSolution
		SolutionGuid = {E94B2E21-6E7A-4BAF-98C9-EA5800E056EF}
	EndGlobalSection
EndGlobal
